
Microsoft Visual Studio Solution File, Format Version 12.00
# Visual Studio Version 17
VisualStudioVersion = 17.12.35707.178 d17.12
MinimumVisualStudioVersion = 10.0.40219.1
Project("{FAE04EC0-301F-11D3-BF4B-00C04F79EFBC}") = "HybridWebApi", "HybridWebApi.csproj", "{6CABD5AF-672C-4611-97CE-F18643F0F985}"
EndProject
Global
	GlobalSection(SolutionConfigurationPlatforms) = preSolution
		Debug|Any CPU = Debug|Any CPU
		Release|Any CPU = Release|Any CPU
	EndGlobalSection
	GlobalSection(ProjectConfigurationPlatforms) = postSolution
		{6CABD5AF-672C-4611-97CE-F18643F0F985}.Debug|Any CPU.ActiveCfg = Debug|Any CPU
		{6CABD5AF-672C-4611-97CE-F18643F0F985}.Debug|Any CPU.Build.0 = Debug|Any CPU
		{6CABD5AF-672C-4611-97CE-F18643F0F985}.Release|Any CPU.ActiveCfg = Release|Any CPU
		{6CABD5AF-672C-4611-97CE-F18643F0F985}.Release|Any CPU.Build.0 = Release|Any CPU
	EndGlobalSection
	GlobalSection(SolutionProperties) = preSolution
		HideSolutionNode = FALSE
	EndGlobalSection
EndGlobal
